// !$*UTF8*$!
{
	archiveVersion = 1;
	classes = {
	};
	objectVersion = 56;
	objects = {

/* Begin PBXBuildFile section */
		04CBC6D62C323D2200B8CCB9 /* DevoteApp.swift in Sources */ = {isa = PBXBuildFile; fileRef = 04CBC6D52C323D2200B8CCB9 /* DevoteApp.swift */; };
		04CBC6D82C323D2200B8CCB9 /* ContentView.swift in Sources */ = {isa = PBXBuildFile; fileRef = 04CBC6D72C323D2200B8CCB9 /* ContentView.swift */; };
		04CBC6DA2C323D2400B8CCB9 /* Assets.xcassets in Resources */ = {isa = PBXBuildFile; fileRef = 04CBC6D92C323D2400B8CCB9 /* Assets.xcassets */; };
		04CBC6DD2C323D2400B8CCB9 /* Preview Assets.xcassets in Resources */ = {isa = PBXBuildFile; fileRef = 04CBC6DC2C323D2400B8CCB9 /* Preview Assets.xcassets */; };
		04CBC6DF2C323D2400B8CCB9 /* Persistence.swift in Sources */ = {isa = PBXBuildFile; fileRef = 04CBC6DE2C323D2400B8CCB9 /* Persistence.swift */; };
		04CBC6E22C323D2400B8CCB9 /* Devote.xcdatamodeld in Sources */ = {isa = PBXBuildFile; fileRef = 04CBC6E02C323D2400B8CCB9 /* Devote.xcdatamodeld */; };
		04CBC6EC2C323E4F00B8CCB9 /* sound-ding.mp3 in Resources */ = {isa = PBXBuildFile; fileRef = 04CBC6E82C323E4F00B8CCB9 /* sound-ding.mp3 */; };
		04CBC6ED2C323E4F00B8CCB9 /* sound-rise.mp3 in Resources */ = {isa = PBXBuildFile; fileRef = 04CBC6E92C323E4F00B8CCB9 /* sound-rise.mp3 */; };
		04CBC6EE2C323E4F00B8CCB9 /* sound-tap.mp3 in Resources */ = {isa = PBXBuildFile; fileRef = 04CBC6EA2C323E4F00B8CCB9 /* sound-tap.mp3 */; };
		04CBC6F82C3246AD00B8CCB9 /* Constant.swift in Sources */ = {isa = PBXBuildFile; fileRef = 04CBC6F72C3246AD00B8CCB9 /* Constant.swift */; };
		04CBC6FC2C32AD2B00B8CCB9 /* BackgroundImageView.swift in Sources */ = {isa = PBXBuildFile; fileRef = 04CBC6FB2C32AD2B00B8CCB9 /* BackgroundImageView.swift */; };
		04CBC6FE2C32AE2600B8CCB9 /* NewTaskItemView.swift in Sources */ = {isa = PBXBuildFile; fileRef = 04CBC6FD2C32AE2600B8CCB9 /* NewTaskItemView.swift */; };
/* End PBXBuildFile section */

/* Begin PBXFileReference section */
		04CBC6D22C323D2200B8CCB9 /* Devote.app */ = {isa = PBXFileReference; explicitFileType = wrapper.application; includeInIndex = 0; path = Devote.app; sourceTree = BUILT_PRODUCTS_DIR; };
		04CBC6D52C323D2200B8CCB9 /* DevoteApp.swift */ = {isa = PBXFileReference; lastKnownFileType = sourcecode.swift; path = DevoteApp.swift; sourceTree = "<group>"; };
		04CBC6D72C323D2200B8CCB9 /* ContentView.swift */ = {isa = PBXFileReference; lastKnownFileType = sourcecode.swift; path = ContentView.swift; sourceTree = "<group>"; };
		04CBC6D92C323D2400B8CCB9 /* Assets.xcassets */ = {isa = PBXFileReference; lastKnownFileType = folder.assetcatalog; path = Assets.xcassets; sourceTree = "<group>"; };
		04CBC6DC2C323D2400B8CCB9 /* Preview Assets.xcassets */ = {isa = PBXFileReference; lastKnownFileType = folder.assetcatalog; path = "Preview Assets.xcassets"; sourceTree = "<group>"; };
		04CBC6DE2C323D2400B8CCB9 /* Persistence.swift */ = {isa = PBXFileReference; lastKnownFileType = sourcecode.swift; path = Persistence.swift; sourceTree = "<group>"; };
		04CBC6E12C323D2400B8CCB9 /* Devote.xcdatamodel */ = {isa = PBXFileReference; lastKnownFileType = wrapper.xcdatamodel; path = Devote.xcdatamodel; sourceTree = "<group>"; };
		04CBC6E82C323E4F00B8CCB9 /* sound-ding.mp3 */ = {isa = PBXFileReference; lastKnownFileType = audio.mp3; path = "sound-ding.mp3"; sourceTree = "<group>"; };
		04CBC6E92C323E4F00B8CCB9 /* sound-rise.mp3 */ = {isa = PBXFileReference; lastKnownFileType = audio.mp3; path = "sound-rise.mp3"; sourceTree = "<group>"; };
		04CBC6EA2C323E4F00B8CCB9 /* sound-tap.mp3 */ = {isa = PBXFileReference; lastKnownFileType = audio.mp3; path = "sound-tap.mp3"; sourceTree = "<group>"; };
		04CBC6F52C323F3A00B8CCB9 /* Info.plist */ = {isa = PBXFileReference; lastKnownFileType = text.plist; path = Info.plist; sourceTree = "<group>"; };
		04CBC6F72C3246AD00B8CCB9 /* Constant.swift */ = {isa = PBXFileReference; lastKnownFileType = sourcecode.swift; path = Constant.swift; sourceTree = "<group>"; };
		04CBC6FB2C32AD2B00B8CCB9 /* BackgroundImageView.swift */ = {isa = PBXFileReference; lastKnownFileType = sourcecode.swift; path = BackgroundImageView.swift; sourceTree = "<group>"; };
		04CBC6FD2C32AE2600B8CCB9 /* NewTaskItemView.swift */ = {isa = PBXFileReference; lastKnownFileType = sourcecode.swift; path = NewTaskItemView.swift; sourceTree = "<group>"; };
/* End PBXFileReference section */

/* Begin PBXFrameworksBuildPhase section */
		04CBC6CF2C323D2200B8CCB9 /* Frameworks */ = {
			isa = PBXFrameworksBuildPhase;
			buildActionMask = 2147483647;
			files = (
			);
			runOnlyForDeploymentPostprocessing = 0;
		};
/* End PBXFrameworksBuildPhase section */

/* Begin PBXGroup section */
		04CBC6C92C323D2200B8CCB9 = {
			isa = PBXGroup;
			children = (
				04CBC6D42C323D2200B8CCB9 /* Devote */,
				04CBC6D32C323D2200B8CCB9 /* Products */,
			);
			sourceTree = "<group>";
		};
		04CBC6D32C323D2200B8CCB9 /* Products */ = {
			isa = PBXGroup;
			children = (
				04CBC6D22C323D2200B8CCB9 /* Devote.app */,
			);
			name = Products;
			sourceTree = "<group>";
		};
		04CBC6D42C323D2200B8CCB9 /* Devote */ = {
			isa = PBXGroup;
			children = (
				04CBC6F52C323F3A00B8CCB9 /* Info.plist */,
				04CBC6F12C323E7A00B8CCB9 /* Main */,
				04CBC6F02C323E7000B8CCB9 /* Screen */,
				04CBC6F62C323F6400B8CCB9 /* View */,
				04CBC6F22C323EB900B8CCB9 /* Model */,
				04CBC6F32C323ED200B8CCB9 /* Utility */,
				04CBC6F42C323EDB00B8CCB9 /* Extension */,
				04CBC6EB2C323E4F00B8CCB9 /* Sound */,
				04CBC6D92C323D2400B8CCB9 /* Assets.xcassets */,
				04CBC6DB2C323D2400B8CCB9 /* Preview Content */,
			);
			path = Devote;
			sourceTree = "<group>";
		};
		04CBC6DB2C323D2400B8CCB9 /* Preview Content */ = {
			isa = PBXGroup;
			children = (
				04CBC6DC2C323D2400B8CCB9 /* Preview Assets.xcassets */,
			);
			path = "Preview Content";
			sourceTree = "<group>";
		};
		04CBC6EB2C323E4F00B8CCB9 /* Sound */ = {
			isa = PBXGroup;
			children = (
				04CBC6E82C323E4F00B8CCB9 /* sound-ding.mp3 */,
				04CBC6E92C323E4F00B8CCB9 /* sound-rise.mp3 */,
				04CBC6EA2C323E4F00B8CCB9 /* sound-tap.mp3 */,
			);
			path = Sound;
			sourceTree = "<group>";
		};
		04CBC6F02C323E7000B8CCB9 /* Screen */ = {
			isa = PBXGroup;
			children = (
				04CBC6D72C323D2200B8CCB9 /* ContentView.swift */,
			);
			path = Screen;
			sourceTree = "<group>";
		};
		04CBC6F12C323E7A00B8CCB9 /* Main */ = {
			isa = PBXGroup;
			children = (
				04CBC6D52C323D2200B8CCB9 /* DevoteApp.swift */,
			);
			path = Main;
			sourceTree = "<group>";
		};
		04CBC6F22C323EB900B8CCB9 /* Model */ = {
			isa = PBXGroup;
			children = (
				04CBC6DE2C323D2400B8CCB9 /* Persistence.swift */,
				04CBC6E02C323D2400B8CCB9 /* Devote.xcdatamodeld */,
			);
			path = Model;
			sourceTree = "<group>";
		};
		04CBC6F32C323ED200B8CCB9 /* Utility */ = {
			isa = PBXGroup;
			children = (
				04CBC6F72C3246AD00B8CCB9 /* Constant.swift */,
			);
			path = Utility;
			sourceTree = "<group>";
		};
		04CBC6F42C323EDB00B8CCB9 /* Extension */ = {
			isa = PBXGroup;
			children = (
			);
			path = Extension;
			sourceTree = "<group>";
		};
		04CBC6F62C323F6400B8CCB9 /* View */ = {
			isa = PBXGroup;
			children = (
				04CBC6FB2C32AD2B00B8CCB9 /* BackgroundImageView.swift */,
				04CBC6FD2C32AE2600B8CCB9 /* NewTaskItemView.swift */,
			);
			path = View;
			sourceTree = "<group>";
		};
/* End PBXGroup section */

/* Begin PBXNativeTarget section */
		04CBC6D12C323D2200B8CCB9 /* Devote */ = {
			isa = PBXNativeTarget;
			buildConfigurationList = 04CBC6E52C323D2400B8CCB9 /* Build configuration list for PBXNativeTarget "Devote" */;
			buildPhases = (
				04CBC6CE2C323D2200B8CCB9 /* Sources */,
				04CBC6CF2C323D2200B8CCB9 /* Frameworks */,
				04CBC6D02C323D2200B8CCB9 /* Resources */,
			);
			buildRules = (
			);
			dependencies = (
			);
			name = Devote;
			productName = Devote;
			productReference = 04CBC6D22C323D2200B8CCB9 /* Devote.app */;
			productType = "com.apple.product-type.application";
		};
/* End PBXNativeTarget section */

/* Begin PBXProject section */
		04CBC6CA2C323D2200B8CCB9 /* Project object */ = {
			isa = PBXProject;
			attributes = {
				BuildIndependentTargetsInParallel = 1;
				LastSwiftUpdateCheck = 1540;
				LastUpgradeCheck = 1540;
				TargetAttributes = {
					04CBC6D12C323D2200B8CCB9 = {
						CreatedOnToolsVersion = 15.4;
					};
				};
			};
			buildConfigurationList = 04CBC6CD2C323D2200B8CCB9 /* Build configuration list for PBXProject "Devote" */;
			compatibilityVersion = "Xcode 14.0";
			developmentRegion = en;
			hasScannedForEncodings = 0;
			knownRegions = (
				en,
				Base,
			);
			mainGroup = 04CBC6C92C323D2200B8CCB9;
			productRefGroup = 04CBC6D32C323D2200B8CCB9 /* Products */;
			projectDirPath = "";
			projectRoot = "";
			targets = (
				04CBC6D12C323D2200B8CCB9 /* Devote */,
			);
		};
/* End PBXProject section */

/* Begin PBXResourcesBuildPhase section */
		04CBC6D02C323D2200B8CCB9 /* Resources */ = {
			isa = PBXResourcesBuildPhase;
			buildActionMask = 2147483647;
			files = (
				04CBC6DD2C323D2400B8CCB9 /* Preview Assets.xcassets in Resources */,
				04CBC6ED2C323E4F00B8CCB9 /* sound-rise.mp3 in Resources */,
				04CBC6DA2C323D2400B8CCB9 /* Assets.xcassets in Resources */,
				04CBC6EE2C323E4F00B8CCB9 /* sound-tap.mp3 in Resources */,
				04CBC6EC2C323E4F00B8CCB9 /* sound-ding.mp3 in Resources */,
			);
			runOnlyForDeploymentPostprocessing = 0;
		};
/* End PBXResourcesBuildPhase section */

/* Begin PBXSourcesBuildPhase section */
		04CBC6CE2C323D2200B8CCB9 /* Sources */ = {
			isa = PBXSourcesBuildPhase;
			buildActionMask = 2147483647;
			files = (
				04CBC6FE2C32AE2600B8CCB9 /* NewTaskItemView.swift in Sources */,
				04CBC6FC2C32AD2B00B8CCB9 /* BackgroundImageView.swift in Sources */,
				04CBC6DF2C323D2400B8CCB9 /* Persistence.swift in Sources */,
				04CBC6D82C323D2200B8CCB9 /* ContentView.swift in Sources */,
				04CBC6F82C3246AD00B8CCB9 /* Constant.swift in Sources */,
				04CBC6E22C323D2400B8CCB9 /* Devote.xcdatamodeld in Sources */,
				04CBC6D62C323D2200B8CCB9 /* DevoteApp.swift in Sources */,
			);
			runOnlyForDeploymentPostprocessing = 0;
		};
/* End PBXSourcesBuildPhase section */

/* Begin XCBuildConfiguration section */
		04CBC6E32C323D2400B8CCB9 /* Debug */ = {
			isa = XCBuildConfiguration;
			buildSettings = {
				ALWAYS_SEARCH_USER_PATHS = NO;
				ASSETCATALOG_COMPILER_GENERATE_SWIFT_ASSET_SYMBOL_EXTENSIONS = YES;
				CLANG_ANALYZER_NONNULL = YES;
				CLANG_ANALYZER_NUMBER_OBJECT_CONVERSION = YES_AGGRESSIVE;
				CLANG_CXX_LANGUAGE_STANDARD = "gnu++20";
				CLANG_ENABLE_MODULES = YES;
				CLANG_ENABLE_OBJC_ARC = YES;
				CLANG_ENABLE_OBJC_WEAK = YES;
				CLANG_WARN_BLOCK_CAPTURE_AUTORELEASING = YES;
				CLANG_WARN_BOOL_CONVERSION = YES;
				CLANG_WARN_COMMA = YES;
				CLANG_WARN_CONSTANT_CONVERSION = YES;
				CLANG_WARN_DEPRECATED_OBJC_IMPLEMENTATIONS = YES;
				CLANG_WARN_DIRECT_OBJC_ISA_USAGE = YES_ERROR;
				CLANG_WARN_DOCUMENTATION_COMMENTS = YES;
				CLANG_WARN_EMPTY_BODY = YES;
				CLANG_WARN_ENUM_CONVERSION = YES;
				CLANG_WARN_INFINITE_RECURSION = YES;
				CLANG_WARN_INT_CONVERSION = YES;
				CLANG_WARN_NON_LITERAL_NULL_CONVERSION = YES;
				CLANG_WARN_OBJC_IMPLICIT_RETAIN_SELF = YES;
				CLANG_WARN_OBJC_LITERAL_CONVERSION = YES;
				CLANG_WARN_OBJC_ROOT_CLASS = YES_ERROR;
				CLANG_WARN_QUOTED_INCLUDE_IN_FRAMEWORK_HEADER = YES;
				CLANG_WARN_RANGE_LOOP_ANALYSIS = YES;
				CLANG_WARN_STRICT_PROTOTYPES = YES;
				CLANG_WARN_SUSPICIOUS_MOVE = YES;
				CLANG_WARN_UNGUARDED_AVAILABILITY = YES_AGGRESSIVE;
				CLANG_WARN_UNREACHABLE_CODE = YES;
				CLANG_WARN__DUPLICATE_METHOD_MATCH = YES;
				COPY_PHASE_STRIP = NO;
				DEBUG_INFORMATION_FORMAT = dwarf;
				ENABLE_STRICT_OBJC_MSGSEND = YES;
				ENABLE_TESTABILITY = YES;
				ENABLE_USER_SCRIPT_SANDBOXING = YES;
				GCC_C_LANGUAGE_STANDARD = gnu17;
				GCC_DYNAMIC_NO_PIC = NO;
				GCC_NO_COMMON_BLOCKS = YES;
				GCC_OPTIMIZATION_LEVEL = 0;
				GCC_PREPROCESSOR_DEFINITIONS = (
					"DEBUG=1",
					"$(inherited)",
				);
				GCC_WARN_64_TO_32_BIT_CONVERSION = YES;
				GCC_WARN_ABOUT_RETURN_TYPE = YES_ERROR;
				GCC_WARN_UNDECLARED_SELECTOR = YES;
				GCC_WARN_UNINITIALIZED_AUTOS = YES_AGGRESSIVE;
				GCC_WARN_UNUSED_FUNCTION = YES;
				GCC_WARN_UNUSED_VARIABLE = YES;
				IPHONEOS_DEPLOYMENT_TARGET = 17.5;
				LOCALIZATION_PREFERS_STRING_CATALOGS = YES;
				MTL_ENABLE_DEBUG_INFO = INCLUDE_SOURCE;
				MTL_FAST_MATH = YES;
				ONLY_ACTIVE_ARCH = YES;
				SDKROOT = iphoneos;
				SWIFT_ACTIVE_COMPILATION_CONDITIONS = "DEBUG $(inherited)";
				SWIFT_OPTIMIZATION_LEVEL = "-Onone";
			};
			name = Debug;
		};
		04CBC6E42C323D2400B8CCB9 /* Release */ = {
			isa = XCBuildConfiguration;
			buildSettings = {
				ALWAYS_SEARCH_USER_PATHS = NO;
				ASSETCATALOG_COMPILER_GENERATE_SWIFT_ASSET_SYMBOL_EXTENSIONS = YES;
				CLANG_ANALYZER_NONNULL = YES;
				CLANG_ANALYZER_NUMBER_OBJECT_CONVERSION = YES_AGGRESSIVE;
				CLANG_CXX_LANGUAGE_STANDARD = "gnu++20";
				CLANG_ENABLE_MODULES = YES;
				CLANG_ENABLE_OBJC_ARC = YES;
				CLANG_ENABLE_OBJC_WEAK = YES;
				CLANG_WARN_BLOCK_CAPTURE_AUTORELEASING = YES;
				CLANG_WARN_BOOL_CONVERSION = YES;
				CLANG_WARN_COMMA = YES;
				CLANG_WARN_CONSTANT_CONVERSION = YES;
				CLANG_WARN_DEPRECATED_OBJC_IMPLEMENTATIONS = YES;
				CLANG_WARN_DIRECT_OBJC_ISA_USAGE = YES_ERROR;
				CLANG_WARN_DOCUMENTATION_COMMENTS = YES;
				CLANG_WARN_EMPTY_BODY = YES;
				CLANG_WARN_ENUM_CONVERSION = YES;
				CLANG_WARN_INFINITE_RECURSION = YES;
				CLANG_WARN_INT_CONVERSION = YES;
				CLANG_WARN_NON_LITERAL_NULL_CONVERSION = YES;
				CLANG_WARN_OBJC_IMPLICIT_RETAIN_SELF = YES;
				CLANG_WARN_OBJC_LITERAL_CONVERSION = YES;
				CLANG_WARN_OBJC_ROOT_CLASS = YES_ERROR;
				CLANG_WARN_QUOTED_INCLUDE_IN_FRAMEWORK_HEADER = YES;
				CLANG_WARN_RANGE_LOOP_ANALYSIS = YES;
				CLANG_WARN_STRICT_PROTOTYPES = YES;
				CLANG_WARN_SUSPICIOUS_MOVE = YES;
				CLANG_WARN_UNGUARDED_AVAILABILITY = YES_AGGRESSIVE;
				CLANG_WARN_UNREACHABLE_CODE = YES;
				CLANG_WARN__DUPLICATE_METHOD_MATCH = YES;
				COPY_PHASE_STRIP = NO;
				DEBUG_INFORMATION_FORMAT = "dwarf-with-dsym";
				ENABLE_NS_ASSERTIONS = NO;
				ENABLE_STRICT_OBJC_MSGSEND = YES;
				ENABLE_USER_SCRIPT_SANDBOXING = YES;
				GCC_C_LANGUAGE_STANDARD = gnu17;
				GCC_NO_COMMON_BLOCKS = YES;
				GCC_WARN_64_TO_32_BIT_CONVERSION = YES;
				GCC_WARN_ABOUT_RETURN_TYPE = YES_ERROR;
				GCC_WARN_UNDECLARED_SELECTOR = YES;
				GCC_WARN_UNINITIALIZED_AUTOS = YES_AGGRESSIVE;
				GCC_WARN_UNUSED_FUNCTION = YES;
				GCC_WARN_UNUSED_VARIABLE = YES;
				IPHONEOS_DEPLOYMENT_TARGET = 17.5;
				LOCALIZATION_PREFERS_STRING_CATALOGS = YES;
				MTL_ENABLE_DEBUG_INFO = NO;
				MTL_FAST_MATH = YES;
				SDKROOT = iphoneos;
				SWIFT_COMPILATION_MODE = wholemodule;
				VALIDATE_PRODUCT = YES;
			};
			name = Release;
		};
		04CBC6E62C323D2400B8CCB9 /* Debug */ = {
			isa = XCBuildConfiguration;
			buildSettings = {
				ASSETCATALOG_COMPILER_APPICON_NAME = AppIcon;
				ASSETCATALOG_COMPILER_GLOBAL_ACCENT_COLOR_NAME = AccentColor;
				CODE_SIGN_STYLE = Automatic;
				CURRENT_PROJECT_VERSION = 1;
				DEVELOPMENT_ASSET_PATHS = "\"Devote/Preview Content\"";
				DEVELOPMENT_TEAM = 668BA5HCMU;
				ENABLE_PREVIEWS = YES;
				GENERATE_INFOPLIST_FILE = YES;
				INFOPLIST_FILE = Devote/Info.plist;
				INFOPLIST_KEY_UIApplicationSceneManifest_Generation = YES;
				INFOPLIST_KEY_UIApplicationSupportsIndirectInputEvents = YES;
				INFOPLIST_KEY_UISupportedInterfaceOrientations = UIInterfaceOrientationPortrait;
				LD_RUNPATH_SEARCH_PATHS = (
					"$(inherited)",
					"@executable_path/Frameworks",
				);
				MARKETING_VERSION = 1.0;
				PRODUCT_BUNDLE_IDENTIFIER = com.ussama.Devote;
				PRODUCT_NAME = "$(TARGET_NAME)";
				SWIFT_EMIT_LOC_STRINGS = YES;
				SWIFT_VERSION = 5.0;
				TARGETED_DEVICE_FAMILY = "1,2";
			};
			name = Debug;
		};
		04CBC6E72C323D2400B8CCB9 /* Release */ = {
			isa = XCBuildConfiguration;
			buildSettings = {
				ASSETCATALOG_COMPILER_APPICON_NAME = AppIcon;
				ASSETCATALOG_COMPILER_GLOBAL_ACCENT_COLOR_NAME = AccentColor;
				CODE_SIGN_STYLE = Automatic;
				CURRENT_PROJECT_VERSION = 1;
				DEVELOPMENT_ASSET_PATHS = "\"Devote/Preview Content\"";
				DEVELOPMENT_TEAM = 668BA5HCMU;
				ENABLE_PREVIEWS = YES;
				GENERATE_INFOPLIST_FILE = YES;
				INFOPLIST_FILE = Devote/Info.plist;
				INFOPLIST_KEY_UIApplicationSceneManifest_Generation = YES;
				INFOPLIST_KEY_UIApplicationSupportsIndirectInputEvents = YES;
				INFOPLIST_KEY_UISupportedInterfaceOrientations = UIInterfaceOrientationPortrait;
				LD_RUNPATH_SEARCH_PATHS = (
					"$(inherited)",
					"@executable_path/Frameworks",
				);
				MARKETING_VERSION = 1.0;
				PRODUCT_BUNDLE_IDENTIFIER = com.ussama.Devote;
				PRODUCT_NAME = "$(TARGET_NAME)";
				SWIFT_EMIT_LOC_STRINGS = YES;
				SWIFT_VERSION = 5.0;
				TARGETED_DEVICE_FAMILY = "1,2";
			};
			name = Release;
		};
/* End XCBuildConfiguration section */

/* Begin XCConfigurationList section */
		04CBC6CD2C323D2200B8CCB9 /* Build configuration list for PBXProject "Devote" */ = {
			isa = XCConfigurationList;
			buildConfigurations = (
				04CBC6E32C323D2400B8CCB9 /* Debug */,
				04CBC6E42C323D2400B8CCB9 /* Release */,
			);
			defaultConfigurationIsVisible = 0;
			defaultConfigurationName = Release;
		};
		04CBC6E52C323D2400B8CCB9 /* Build configuration list for PBXNativeTarget "Devote" */ = {
			isa = XCConfigurationList;
			buildConfigurations = (
				04CBC6E62C323D2400B8CCB9 /* Debug */,
				04CBC6E72C323D2400B8CCB9 /* Release */,
			);
			defaultConfigurationIsVisible = 0;
			defaultConfigurationName = Release;
		};
/* End XCConfigurationList section */

/* Begin XCVersionGroup section */
		04CBC6E02C323D2400B8CCB9 /* Devote.xcdatamodeld */ = {
			isa = XCVersionGroup;
			children = (
				04CBC6E12C323D2400B8CCB9 /* Devote.xcdatamodel */,
			);
			currentVersion = 04CBC6E12C323D2400B8CCB9 /* Devote.xcdatamodel */;
			path = Devote.xcdatamodeld;
			sourceTree = "<group>";
			versionGroupType = wrapper.xcdatamodel;
		};
/* End XCVersionGroup section */
	};
	rootObject = 04CBC6CA2C323D2200B8CCB9 /* Project object */;
}
